
Microsoft Visual Studio Solution File, Format Version 12.00
Project("{FAE04EC0-301F-11D3-BF4B-00C04F79EFBC}") = "Day1", "Day1\Day1.csproj", "{6DD57194-4DF7-41D7-894D-E5FA288D8D6D}"
EndProject
Project("{FAE04EC0-301F-11D3-BF4B-00C04F79EFBC}") = "Day2", "Day2\Day2.csproj", "{70F96E1F-4C80-47EE-8081-595163E80159}"
EndProject
Project("{FAE04EC0-301F-11D3-BF4B-00C04F79EFBC}") = "Day3", "Day3\Day3.csproj", "{60E8F457-DD94-4511-8D0A-0AB80993D661}"
EndProject
Project("{FAE04EC0-301F-11D3-BF4B-00C04F79EFBC}") = "Day4", "Day4\Day4.csproj", "{F3C6AC9C-7C3B-4BFD-82C0-892A7F539311}"
EndProject
Project("{FAE04EC0-301F-11D3-BF4B-00C04F79EFBC}") = "Day5", "Day5\Day5.csproj", "{562575BE-0ABA-4182-BA57-50A7CD1B9BDA}"
EndProject
Project("{FAE04EC0-301F-11D3-BF4B-00C04F79EFBC}") = "Day6", "Day6\Day6.csproj", "{83E89475-2B3C-43E7-BD1C-82E6A7D45E7C}"
EndProject
Project("{FAE04EC0-301F-11D3-BF4B-00C04F79EFBC}") = "Day7", "Day7\Day7.csproj", "{50C0F951-7721-4928-A003-5DB8A326D842}"
EndProject
Project("{FAE04EC0-301F-11D3-BF4B-00C04F79EFBC}") = "Day8", "Day8\Day8.csproj", "{A0C45EDD-E410-4BAD-A62A-E28FC595A073}"
EndProject
Global
	GlobalSection(SolutionConfigurationPlatforms) = preSolution
		Debug|Any CPU = Debug|Any CPU
		Release|Any CPU = Release|Any CPU
	EndGlobalSection
	GlobalSection(ProjectConfigurationPlatforms) = postSolution
		{6DD57194-4DF7-41D7-894D-E5FA288D8D6D}.Debug|Any CPU.ActiveCfg = Debug|Any CPU
		{6DD57194-4DF7-41D7-894D-E5FA288D8D6D}.Debug|Any CPU.Build.0 = Debug|Any CPU
		{6DD57194-4DF7-41D7-894D-E5FA288D8D6D}.Release|Any CPU.ActiveCfg = Release|Any CPU
		{6DD57194-4DF7-41D7-894D-E5FA288D8D6D}.Release|Any CPU.Build.0 = Release|Any CPU
		{70F96E1F-4C80-47EE-8081-595163E80159}.Debug|Any CPU.ActiveCfg = Debug|Any CPU
		{70F96E1F-4C80-47EE-8081-595163E80159}.Debug|Any CPU.Build.0 = Debug|Any CPU
		{70F96E1F-4C80-47EE-8081-595163E80159}.Release|Any CPU.ActiveCfg = Release|Any CPU
		{70F96E1F-4C80-47EE-8081-595163E80159}.Release|Any CPU.Build.0 = Release|Any CPU
		{60E8F457-DD94-4511-8D0A-0AB80993D661}.Debug|Any CPU.ActiveCfg = Debug|Any CPU
		{60E8F457-DD94-4511-8D0A-0AB80993D661}.Debug|Any CPU.Build.0 = Debug|Any CPU
		{60E8F457-DD94-4511-8D0A-0AB80993D661}.Release|Any CPU.ActiveCfg = Release|Any CPU
		{60E8F457-DD94-4511-8D0A-0AB80993D661}.Release|Any CPU.Build.0 = Release|Any CPU
		{F3C6AC9C-7C3B-4BFD-82C0-892A7F539311}.Debug|Any CPU.ActiveCfg = Debug|Any CPU
		{F3C6AC9C-7C3B-4BFD-82C0-892A7F539311}.Debug|Any CPU.Build.0 = Debug|Any CPU
		{F3C6AC9C-7C3B-4BFD-82C0-892A7F539311}.Release|Any CPU.ActiveCfg = Release|Any CPU
		{F3C6AC9C-7C3B-4BFD-82C0-892A7F539311}.Release|Any CPU.Build.0 = Release|Any CPU
		{562575BE-0ABA-4182-BA57-50A7CD1B9BDA}.Debug|Any CPU.ActiveCfg = Debug|Any CPU
		{562575BE-0ABA-4182-BA57-50A7CD1B9BDA}.Debug|Any CPU.Build.0 = Debug|Any CPU
		{562575BE-0ABA-4182-BA57-50A7CD1B9BDA}.Release|Any CPU.ActiveCfg = Release|Any CPU
		{562575BE-0ABA-4182-BA57-50A7CD1B9BDA}.Release|Any CPU.Build.0 = Release|Any CPU
		{83E89475-2B3C-43E7-BD1C-82E6A7D45E7C}.Debug|Any CPU.ActiveCfg = Debug|Any CPU
		{83E89475-2B3C-43E7-BD1C-82E6A7D45E7C}.Debug|Any CPU.Build.0 = Debug|Any CPU
		{83E89475-2B3C-43E7-BD1C-82E6A7D45E7C}.Release|Any CPU.ActiveCfg = Release|Any CPU
		{83E89475-2B3C-43E7-BD1C-82E6A7D45E7C}.Release|Any CPU.Build.0 = Release|Any CPU
		{50C0F951-7721-4928-A003-5DB8A326D842}.Debug|Any CPU.ActiveCfg = Debug|Any CPU
		{50C0F951-7721-4928-A003-5DB8A326D842}.Debug|Any CPU.Build.0 = Debug|Any CPU
		{50C0F951-7721-4928-A003-5DB8A326D842}.Release|Any CPU.ActiveCfg = Release|Any CPU
		{50C0F951-7721-4928-A003-5DB8A326D842}.Release|Any CPU.Build.0 = Release|Any CPU
		{A0C45EDD-E410-4BAD-A62A-E28FC595A073}.Debug|Any CPU.ActiveCfg = Debug|Any CPU
		{A0C45EDD-E410-4BAD-A62A-E28FC595A073}.Debug|Any CPU.Build.0 = Debug|Any CPU
		{A0C45EDD-E410-4BAD-A62A-E28FC595A073}.Release|Any CPU.ActiveCfg = Release|Any CPU
		{A0C45EDD-E410-4BAD-A62A-E28FC595A073}.Release|Any CPU.Build.0 = Release|Any CPU
	EndGlobalSection
EndGlobal
